
Microsoft Visual Studio Solution File, Format Version 12.00
# Visual Studio 14
VisualStudioVersion = 14.0.25123.0
MinimumVisualStudioVersion = 10.0.40219.1
Project("{FAE04EC0-301F-11D3-BF4B-00C04F79EFBC}") = "AlgorithmePackage", "AlgorithmePackage\AlgorithmePackage.csproj", "{834BFCBE-00A7-40B6-BA65-D3FE898E5F6B}"
EndProject
Project("{FAE04EC0-301F-11D3-BF4B-00C04F79EFBC}") = "ClassesAlgorithme", "..\ClassesAlgorithme\ClassesAlgorithme\ClassesAlgorithme.csproj", "{CE79D750-EA14-4448-AB5C-D2A50722F50D}"
EndProject
Global
	GlobalSection(SolutionConfigurationPlatforms) = preSolution
		Debug|Any CPU = Debug|Any CPU
		Release|Any CPU = Release|Any CPU
	EndGlobalSection
	GlobalSection(ProjectConfigurationPlatforms) = postSolution
		{834BFCBE-00A7-40B6-BA65-D3FE898E5F6B}.Debug|Any CPU.ActiveCfg = Debug|Any CPU
		{834BFCBE-00A7-40B6-BA65-D3FE898E5F6B}.Debug|Any CPU.Build.0 = Debug|Any CPU
		{834BFCBE-00A7-40B6-BA65-D3FE898E5F6B}.Release|Any CPU.ActiveCfg = Release|Any CPU
		{834BFCBE-00A7-40B6-BA65-D3FE898E5F6B}.Release|Any CPU.Build.0 = Release|Any CPU
		{CE79D750-EA14-4448-AB5C-D2A50722F50D}.Debug|Any CPU.ActiveCfg = Debug|Any CPU
		{CE79D750-EA14-4448-AB5C-D2A50722F50D}.Debug|Any CPU.Build.0 = Debug|Any CPU
		{CE79D750-EA14-4448-AB5C-D2A50722F50D}.Release|Any CPU.ActiveCfg = Release|Any CPU
		{CE79D750-EA14-4448-AB5C-D2A50722F50D}.Release|Any CPU.Build.0 = Release|Any CPU
	EndGlobalSection
	GlobalSection(SolutionProperties) = preSolution
		HideSolutionNode = FALSE
	EndGlobalSection
EndGlobal
