
Microsoft Visual Studio Solution File, Format Version 12.00
# Visual Studio 14
VisualStudioVersion = 14.0.25123.0
MinimumVisualStudioVersion = 10.0.40219.1
Project("{FAE04EC0-301F-11D3-BF4B-00C04F79EFBC}") = "Beeper", "Beeper\Beeper.csproj", "{35994161-1B47-4FCC-8F99-37A94378EA7B}"
EndProject
Project("{FAE04EC0-301F-11D3-BF4B-00C04F79EFBC}") = "Date", "Date\Date.csproj", "{1E7E84FC-8C51-4A81-A71B-15F1EE43F407}"
EndProject
Project("{FAE04EC0-301F-11D3-BF4B-00C04F79EFBC}") = "Timer", "Timer\Timer.csproj", "{21BDE523-B521-4F21-B536-7F77A4705BEB}"
EndProject
Project("{FAE04EC0-301F-11D3-BF4B-00C04F79EFBC}") = "OpenAnApp", "OpenAnApp\OpenAnApp.csproj", "{9AA04554-4D6C-40E4-BEA1-E13500E70B51}"
EndProject
Project("{FAE04EC0-301F-11D3-BF4B-00C04F79EFBC}") = "ReadMeSomeMusic", "ReadMeSomeMusic\ReadMeSomeMusic.csproj", "{F79B3928-2FBA-4F85-AE8C-A2A61F632CC5}"
EndProject
Project("{FAE04EC0-301F-11D3-BF4B-00C04F79EFBC}") = "ButtonTrueFalse", "ButtonTrueFalse\ButtonTrueFalse.csproj", "{98E87C0E-CA3B-4865-8D07-4F3763BE08A9}"
EndProject
Global
	GlobalSection(SolutionConfigurationPlatforms) = preSolution
		Debug|Any CPU = Debug|Any CPU
		Release|Any CPU = Release|Any CPU
	EndGlobalSection
	GlobalSection(ProjectConfigurationPlatforms) = postSolution
		{35994161-1B47-4FCC-8F99-37A94378EA7B}.Debug|Any CPU.ActiveCfg = Debug|Any CPU
		{35994161-1B47-4FCC-8F99-37A94378EA7B}.Debug|Any CPU.Build.0 = Debug|Any CPU
		{35994161-1B47-4FCC-8F99-37A94378EA7B}.Release|Any CPU.ActiveCfg = Release|Any CPU
		{35994161-1B47-4FCC-8F99-37A94378EA7B}.Release|Any CPU.Build.0 = Release|Any CPU
		{1E7E84FC-8C51-4A81-A71B-15F1EE43F407}.Debug|Any CPU.ActiveCfg = Debug|Any CPU
		{1E7E84FC-8C51-4A81-A71B-15F1EE43F407}.Debug|Any CPU.Build.0 = Debug|Any CPU
		{1E7E84FC-8C51-4A81-A71B-15F1EE43F407}.Release|Any CPU.ActiveCfg = Release|Any CPU
		{1E7E84FC-8C51-4A81-A71B-15F1EE43F407}.Release|Any CPU.Build.0 = Release|Any CPU
		{21BDE523-B521-4F21-B536-7F77A4705BEB}.Debug|Any CPU.ActiveCfg = Debug|Any CPU
		{21BDE523-B521-4F21-B536-7F77A4705BEB}.Debug|Any CPU.Build.0 = Debug|Any CPU
		{21BDE523-B521-4F21-B536-7F77A4705BEB}.Release|Any CPU.ActiveCfg = Release|Any CPU
		{21BDE523-B521-4F21-B536-7F77A4705BEB}.Release|Any CPU.Build.0 = Release|Any CPU
		{9AA04554-4D6C-40E4-BEA1-E13500E70B51}.Debug|Any CPU.ActiveCfg = Debug|Any CPU
		{9AA04554-4D6C-40E4-BEA1-E13500E70B51}.Debug|Any CPU.Build.0 = Debug|Any CPU
		{9AA04554-4D6C-40E4-BEA1-E13500E70B51}.Release|Any CPU.ActiveCfg = Release|Any CPU
		{9AA04554-4D6C-40E4-BEA1-E13500E70B51}.Release|Any CPU.Build.0 = Release|Any CPU
		{F79B3928-2FBA-4F85-AE8C-A2A61F632CC5}.Debug|Any CPU.ActiveCfg = Debug|Any CPU
		{F79B3928-2FBA-4F85-AE8C-A2A61F632CC5}.Debug|Any CPU.Build.0 = Debug|Any CPU
		{F79B3928-2FBA-4F85-AE8C-A2A61F632CC5}.Release|Any CPU.ActiveCfg = Release|Any CPU
		{F79B3928-2FBA-4F85-AE8C-A2A61F632CC5}.Release|Any CPU.Build.0 = Release|Any CPU
		{98E87C0E-CA3B-4865-8D07-4F3763BE08A9}.Debug|Any CPU.ActiveCfg = Debug|Any CPU
		{98E87C0E-CA3B-4865-8D07-4F3763BE08A9}.Debug|Any CPU.Build.0 = Debug|Any CPU
		{98E87C0E-CA3B-4865-8D07-4F3763BE08A9}.Release|Any CPU.ActiveCfg = Release|Any CPU
		{98E87C0E-CA3B-4865-8D07-4F3763BE08A9}.Release|Any CPU.Build.0 = Release|Any CPU
	EndGlobalSection
	GlobalSection(SolutionProperties) = preSolution
		HideSolutionNode = FALSE
	EndGlobalSection
EndGlobal
